<?xml version="1.0" encoding="utf-8"?>
<Project ToolsVersion="4.0" xmlns="http://schemas.microsoft.com/developer/msbuild/2003">
  <ItemGroup>
    <Filter Include="리소스 파일">
      <UniqueIdentifier>{67DA6AB6-F800-4c08-8B7A-83BB121AAD01}</UniqueIdentifier>
      <Extensions>rc;ico;cur;bmp;dlg;rc2;rct;bin;rgs;gif;jpg;jpeg;jpe;resx;tiff;tif;png;wav;mfcribbon-ms</Extensions>
    </Filter>
    <Filter Include="System">
      <UniqueIdentifier>{e43a598a-22ec-4b1d-9678-5ee8a8c0f933}</UniqueIdentifier>
    </Filter>
    <Filter Include="System\Header">
      <UniqueIdentifier>{7fa9f5b7-972b-47b9-a9fb-91111e2b1128}</UniqueIdentifier>
    </Filter>
    <Filter Include="System\Code">
      <UniqueIdentifier>{0be4ab30-0067-40cd-b2f6-dfcec80bf833}</UniqueIdentifier>
    </Filter>
    <Filter Include="Reference">
      <UniqueIdentifier>{92ce2fae-b903-4e63-8d1f-c6f1d8755ea3}</UniqueIdentifier>
    </Filter>
    <Filter Include="External">
      <UniqueIdentifier>{3d980249-a32b-4317-9564-5857ed01a69d}</UniqueIdentifier>
    </Filter>
    <Filter Include="PostProcess">
      <UniqueIdentifier>{f10bf381-e6d2-4e04-9f69-d56aa4fc6218}</UniqueIdentifier>
    </Filter>
    <Filter Include="PostProcess\Header">
      <UniqueIdentifier>{011175fd-93d0-4e21-9abf-e1338e2389b7}</UniqueIdentifier>
    </Filter>
    <Filter Include="PostProcess\Code">
      <UniqueIdentifier>{43223fa5-274a-464d-9ac6-7f570a3802f4}</UniqueIdentifier>
    </Filter>
  </ItemGroup>
  <ItemGroup>
    <ClInclude Include="SingletonManager.h">
      <Filter>System\Header</Filter>
    </ClInclude>
    <ClInclude Include="Window.h">
      <Filter>System\Header</Filter>
    </ClInclude>
    <ClInclude Include="stdafx.h" />
    <ClInclude Include="Reference\XMMatrixTest.h">
      <Filter>Reference</Filter>
    </ClInclude>
    <ClInclude Include="Reference\XMVectorTest.h">
      <Filter>Reference</Filter>
    </ClInclude>
    <ClInclude Include="Time.h">
      <Filter>System\Header</Filter>
    </ClInclude>
    <ClInclude Include="Singletons.h">
      <Filter>System\Header</Filter>
    </ClInclude>
    <ClInclude Include="D3D.h">
      <Filter>System\Header</Filter>
    </ClInclude>
    <ClInclude Include="Input.h">
      <Filter>System\Header</Filter>
    </ClInclude>
    <ClInclude Include="d3dx12.h">
      <Filter>리소스 파일</Filter>
    </ClInclude>
    <ClInclude Include="External\DDSTextureLoader.h">
      <Filter>External</Filter>
    </ClInclude>
    <ClInclude Include="External\MathHelper.h">
      <Filter>External</Filter>
    </ClInclude>
    <ClInclude Include="External\UploadBuffer.h">
      <Filter>External</Filter>
    </ClInclude>
    <ClInclude Include="External\d3dUtil.h">
      <Filter>External</Filter>
    </ClInclude>
    <ClInclude Include="External\d3dx12.h">
      <Filter>External</Filter>
    </ClInclude>
    <ClInclude Include="RenderManager.h">
      <Filter>System\Header</Filter>
    </ClInclude>
    <ClInclude Include="PostProcess.h">
      <Filter>PostProcess\Header</Filter>
    </ClInclude>
  </ItemGroup>
  <ItemGroup>
    <ClCompile Include="SingletonManager.cpp">
      <Filter>System\Code</Filter>
    </ClCompile>
    <ClCompile Include="Window.cpp">
      <Filter>System\Code</Filter>
    </ClCompile>
    <ClCompile Include="main.cpp" />
    <ClCompile Include="Reference\XMMatrixTest.cpp">
      <Filter>Reference</Filter>
    </ClCompile>
    <ClCompile Include="Reference\XMVectorTest.cpp">
      <Filter>Reference</Filter>
    </ClCompile>
    <ClCompile Include="Time.cpp">
      <Filter>System\Code</Filter>
    </ClCompile>
    <ClCompile Include="D3D.cpp">
      <Filter>System\Code</Filter>
    </ClCompile>
    <ClCompile Include="Input.cpp">
      <Filter>System\Code</Filter>
    </ClCompile>
    <ClCompile Include="External\DDSTextureLoader.cpp">
      <Filter>External</Filter>
    </ClCompile>
    <ClCompile Include="External\MathHelper.cpp">
      <Filter>External</Filter>
    </ClCompile>
    <ClCompile Include="External\d3dUtil.cpp">
      <Filter>External</Filter>
    </ClCompile>
    <ClCompile Include="RenderManager.cpp">
      <Filter>System\Code</Filter>
    </ClCompile>
    <ClCompile Include="PostProcess.cpp">
      <Filter>PostProcess\Code</Filter>
    </ClCompile>
  </ItemGroup>
  <ItemGroup>
    <Text Include="Reference\HOW_TO_DIrectXMath.txt">
      <Filter>Reference</Filter>
    </Text>
    <Text Include="Reference\WhatsThis.txt">
      <Filter>Reference</Filter>
    </Text>
  </ItemGroup>
</Project>